// !$*UTF8*$!
{
	archiveVersion = 1;
	classes = {
	};
	objectVersion = 46;
	objects = {

/* Begin PBXBuildFile section */
		84874B421B53D14800BD25A0 /* AppDelegate.swift in Sources */ = {isa = PBXBuildFile; fileRef = 84874B411B53D14800BD25A0 /* AppDelegate.swift */; };
		84874B451B53D14800BD25A0 /* Partners.xcdatamodeld in Sources */ = {isa = PBXBuildFile; fileRef = 84874B431B53D14800BD25A0 /* Partners.xcdatamodeld */; };
		84874B4A1B53D14800BD25A0 /* Main.storyboard in Resources */ = {isa = PBXBuildFile; fileRef = 84874B481B53D14800BD25A0 /* Main.storyboard */; };
		84874B4C1B53D14800BD25A0 /* Images.xcassets in Resources */ = {isa = PBXBuildFile; fileRef = 84874B4B1B53D14800BD25A0 /* Images.xcassets */; };
		84874B4F1B53D14800BD25A0 /* LaunchScreen.xib in Resources */ = {isa = PBXBuildFile; fileRef = 84874B4D1B53D14800BD25A0 /* LaunchScreen.xib */; };
		84874B5B1B53D14900BD25A0 /* PartnersTests.swift in Sources */ = {isa = PBXBuildFile; fileRef = 84874B5A1B53D14900BD25A0 /* PartnersTests.swift */; };
		84874B691B53D1BD00BD25A0 /* ODataCollectionManager.swift in Sources */ = {isa = PBXBuildFile; fileRef = 84874B641B53D1BD00BD25A0 /* ODataCollectionManager.swift */; };
		84874B6A1B53D1BD00BD25A0 /* oDataFilter.swift in Sources */ = {isa = PBXBuildFile; fileRef = 84874B651B53D1BD00BD25A0 /* oDataFilter.swift */; };
		84874B6B1B53D1BD00BD25A0 /* ODataServiceManager.swift in Sources */ = {isa = PBXBuildFile; fileRef = 84874B661B53D1BD00BD25A0 /* ODataServiceManager.swift */; };
		84874B6C1B53D1BD00BD25A0 /* OptJSON.swift in Sources */ = {isa = PBXBuildFile; fileRef = 84874B671B53D1BD00BD25A0 /* OptJSON.swift */; };
		84874B6D1B53D1BD00BD25A0 /* SWXMLHash.swift in Sources */ = {isa = PBXBuildFile; fileRef = 84874B681B53D1BD00BD25A0 /* SWXMLHash.swift */; };
		84874B711B53D2E000BD25A0 /* PartnersViewController.swift in Sources */ = {isa = PBXBuildFile; fileRef = 84874B701B53D2E000BD25A0 /* PartnersViewController.swift */; };
		84874B731B54E81700BD25A0 /* Partner.swift in Sources */ = {isa = PBXBuildFile; fileRef = 84874B721B54E81700BD25A0 /* Partner.swift */; };
		84874B751B54E93100BD25A0 /* Person.swift in Sources */ = {isa = PBXBuildFile; fileRef = 84874B741B54E93100BD25A0 /* Person.swift */; };
		84874B771B569DAC00BD25A0 /* PartnerDetailInfo.swift in Sources */ = {isa = PBXBuildFile; fileRef = 84874B761B569DAC00BD25A0 /* PartnerDetailInfo.swift */; };
		84874B7C1B57D8BA00BD25A0 /* HeaderCell.swift in Sources */ = {isa = PBXBuildFile; fileRef = 84874B7B1B57D8BA00BD25A0 /* HeaderCell.swift */; };
		84874B7E1B58EE9100BD25A0 /* ContactInfo.swift in Sources */ = {isa = PBXBuildFile; fileRef = 84874B7D1B58EE9100BD25A0 /* ContactInfo.swift */; };
		84874B821B58FA0600BD25A0 /* CoreDataStackManager.swift in Sources */ = {isa = PBXBuildFile; fileRef = 84874B811B58FA0600BD25A0 /* CoreDataStackManager.swift */; };
		84874B861B58FA4500BD25A0 /* Model.xcdatamodeld in Sources */ = {isa = PBXBuildFile; fileRef = 84874B841B58FA4500BD25A0 /* Model.xcdatamodeld */; };
		84C27ACA1B5D1BCB00DE8A5D /* ContactInfoCell.swift in Sources */ = {isa = PBXBuildFile; fileRef = 84C27AC91B5D1BCB00DE8A5D /* ContactInfoCell.swift */; };
		84C27ACC1B5FC82400DE8A5D /* SettingsViewController.swift in Sources */ = {isa = PBXBuildFile; fileRef = 84C27ACB1B5FC82400DE8A5D /* SettingsViewController.swift */; };
		84C9443C1B68B22300FF1954 /* PartnerInfoCell.swift in Sources */ = {isa = PBXBuildFile; fileRef = 84C9443B1B68B22200FF1954 /* PartnerInfoCell.swift */; };
		84C944411B6A0E2100FF1954 /* Connection1C.swift in Sources */ = {isa = PBXBuildFile; fileRef = 84C944401B6A0E2100FF1954 /* Connection1C.swift */; };
		84C944451B6A3A4400FF1954 /* ProductsViewController.swift in Sources */ = {isa = PBXBuildFile; fileRef = 84C944441B6A3A4400FF1954 /* ProductsViewController.swift */; };
		84C944471B6A3C7F00FF1954 /* Product.swift in Sources */ = {isa = PBXBuildFile; fileRef = 84C944461B6A3C7F00FF1954 /* Product.swift */; };
		84CBBCC41B60F3240044162E /* LoginInformation.swift in Sources */ = {isa = PBXBuildFile; fileRef = 84CBBCC31B60F3240044162E /* LoginInformation.swift */; };
/* End PBXBuildFile section */

/* Begin PBXContainerItemProxy section */
		84874B551B53D14900BD25A0 /* PBXContainerItemProxy */ = {
			isa = PBXContainerItemProxy;
			containerPortal = 84874B341B53D14800BD25A0 /* Project object */;
			proxyType = 1;
			remoteGlobalIDString = 84874B3B1B53D14800BD25A0;
			remoteInfo = Partners;
		};
/* End PBXContainerItemProxy section */

/* Begin PBXFileReference section */
		84874B3C1B53D14800BD25A0 /* Partners.app */ = {isa = PBXFileReference; explicitFileType = wrapper.application; includeInIndex = 0; path = Partners.app; sourceTree = BUILT_PRODUCTS_DIR; };
		84874B401B53D14800BD25A0 /* Info.plist */ = {isa = PBXFileReference; lastKnownFileType = text.plist.xml; path = Info.plist; sourceTree = "<group>"; };
		84874B411B53D14800BD25A0 /* AppDelegate.swift */ = {isa = PBXFileReference; lastKnownFileType = sourcecode.swift; path = AppDelegate.swift; sourceTree = "<group>"; };
		84874B441B53D14800BD25A0 /* Partners.xcdatamodel */ = {isa = PBXFileReference; lastKnownFileType = wrapper.xcdatamodel; path = Partners.xcdatamodel; sourceTree = "<group>"; };
		84874B491B53D14800BD25A0 /* Base */ = {isa = PBXFileReference; lastKnownFileType = file.storyboard; name = Base; path = Base.lproj/Main.storyboard; sourceTree = "<group>"; };
		84874B4B1B53D14800BD25A0 /* Images.xcassets */ = {isa = PBXFileReference; lastKnownFileType = folder.assetcatalog; path = Images.xcassets; sourceTree = "<group>"; };
		84874B4E1B53D14800BD25A0 /* Base */ = {isa = PBXFileReference; lastKnownFileType = file.xib; name = Base; path = Base.lproj/LaunchScreen.xib; sourceTree = "<group>"; };
		84874B541B53D14900BD25A0 /* PartnersTests.xctest */ = {isa = PBXFileReference; explicitFileType = wrapper.cfbundle; includeInIndex = 0; path = PartnersTests.xctest; sourceTree = BUILT_PRODUCTS_DIR; };
		84874B591B53D14900BD25A0 /* Info.plist */ = {isa = PBXFileReference; lastKnownFileType = text.plist.xml; path = Info.plist; sourceTree = "<group>"; };
		84874B5A1B53D14900BD25A0 /* PartnersTests.swift */ = {isa = PBXFileReference; lastKnownFileType = sourcecode.swift; path = PartnersTests.swift; sourceTree = "<group>"; };
		84874B641B53D1BD00BD25A0 /* ODataCollectionManager.swift */ = {isa = PBXFileReference; fileEncoding = 4; lastKnownFileType = sourcecode.swift; path = ODataCollectionManager.swift; sourceTree = "<group>"; };
		84874B651B53D1BD00BD25A0 /* oDataFilter.swift */ = {isa = PBXFileReference; fileEncoding = 4; lastKnownFileType = sourcecode.swift; path = oDataFilter.swift; sourceTree = "<group>"; };
		84874B661B53D1BD00BD25A0 /* ODataServiceManager.swift */ = {isa = PBXFileReference; fileEncoding = 4; lastKnownFileType = sourcecode.swift; path = ODataServiceManager.swift; sourceTree = "<group>"; };
		84874B671B53D1BD00BD25A0 /* OptJSON.swift */ = {isa = PBXFileReference; fileEncoding = 4; lastKnownFileType = sourcecode.swift; path = OptJSON.swift; sourceTree = "<group>"; };
		84874B681B53D1BD00BD25A0 /* SWXMLHash.swift */ = {isa = PBXFileReference; fileEncoding = 4; lastKnownFileType = sourcecode.swift; path = SWXMLHash.swift; sourceTree = "<group>"; };
		84874B701B53D2E000BD25A0 /* PartnersViewController.swift */ = {isa = PBXFileReference; fileEncoding = 4; lastKnownFileType = sourcecode.swift; path = PartnersViewController.swift; sourceTree = "<group>"; };
		84874B721B54E81700BD25A0 /* Partner.swift */ = {isa = PBXFileReference; fileEncoding = 4; lastKnownFileType = sourcecode.swift; path = Partner.swift; sourceTree = "<group>"; };
		84874B741B54E93100BD25A0 /* Person.swift */ = {isa = PBXFileReference; fileEncoding = 4; lastKnownFileType = sourcecode.swift; path = Person.swift; sourceTree = "<group>"; };
		84874B761B569DAC00BD25A0 /* PartnerDetailInfo.swift */ = {isa = PBXFileReference; fileEncoding = 4; lastKnownFileType = sourcecode.swift; path = PartnerDetailInfo.swift; sourceTree = "<group>"; };
		84874B7B1B57D8BA00BD25A0 /* HeaderCell.swift */ = {isa = PBXFileReference; fileEncoding = 4; lastKnownFileType = sourcecode.swift; path = HeaderCell.swift; sourceTree = "<group>"; };
		84874B7D1B58EE9100BD25A0 /* ContactInfo.swift */ = {isa = PBXFileReference; fileEncoding = 4; lastKnownFileType = sourcecode.swift; path = ContactInfo.swift; sourceTree = "<group>"; };
		84874B811B58FA0600BD25A0 /* CoreDataStackManager.swift */ = {isa = PBXFileReference; fileEncoding = 4; lastKnownFileType = sourcecode.swift; path = CoreDataStackManager.swift; sourceTree = "<group>"; };
		84874B851B58FA4500BD25A0 /* Model.xcdatamodel */ = {isa = PBXFileReference; lastKnownFileType = wrapper.xcdatamodel; path = Model.xcdatamodel; sourceTree = "<group>"; };
		84C27AC91B5D1BCB00DE8A5D /* ContactInfoCell.swift */ = {isa = PBXFileReference; fileEncoding = 4; lastKnownFileType = sourcecode.swift; path = ContactInfoCell.swift; sourceTree = "<group>"; };
		84C27ACB1B5FC82400DE8A5D /* SettingsViewController.swift */ = {isa = PBXFileReference; fileEncoding = 4; lastKnownFileType = sourcecode.swift; path = SettingsViewController.swift; sourceTree = "<group>"; };
		84C9443B1B68B22200FF1954 /* PartnerInfoCell.swift */ = {isa = PBXFileReference; fileEncoding = 4; lastKnownFileType = sourcecode.swift; path = PartnerInfoCell.swift; sourceTree = "<group>"; };
		84C944401B6A0E2100FF1954 /* Connection1C.swift */ = {isa = PBXFileReference; fileEncoding = 4; lastKnownFileType = sourcecode.swift; path = Connection1C.swift; sourceTree = "<group>"; };
		84C944441B6A3A4400FF1954 /* ProductsViewController.swift */ = {isa = PBXFileReference; fileEncoding = 4; lastKnownFileType = sourcecode.swift; path = ProductsViewController.swift; sourceTree = "<group>"; };
		84C944461B6A3C7F00FF1954 /* Product.swift */ = {isa = PBXFileReference; fileEncoding = 4; lastKnownFileType = sourcecode.swift; name = Product.swift; path = ../Product.swift; sourceTree = "<group>"; };
		84CBBCC31B60F3240044162E /* LoginInformation.swift */ = {isa = PBXFileReference; fileEncoding = 4; lastKnownFileType = sourcecode.swift; path = LoginInformation.swift; sourceTree = "<group>"; };
/* End PBXFileReference section */

/* Begin PBXFrameworksBuildPhase section */
		84874B391B53D14800BD25A0 /* Frameworks */ = {
			isa = PBXFrameworksBuildPhase;
			buildActionMask = 2147483647;
			files = (
			);
			runOnlyForDeploymentPostprocessing = 0;
		};
		84874B511B53D14900BD25A0 /* Frameworks */ = {
			isa = PBXFrameworksBuildPhase;
			buildActionMask = 2147483647;
			files = (
			);
			runOnlyForDeploymentPostprocessing = 0;
		};
/* End PBXFrameworksBuildPhase section */

/* Begin PBXGroup section */
		84874B331B53D14800BD25A0 = {
			isa = PBXGroup;
			children = (
				84874B3E1B53D14800BD25A0 /* Partners */,
				84874B571B53D14900BD25A0 /* PartnersTests */,
				84874B3D1B53D14800BD25A0 /* Products */,
			);
			sourceTree = "<group>";
		};
		84874B3D1B53D14800BD25A0 /* Products */ = {
			isa = PBXGroup;
			children = (
				84874B3C1B53D14800BD25A0 /* Partners.app */,
				84874B541B53D14900BD25A0 /* PartnersTests.xctest */,
			);
			name = Products;
			sourceTree = "<group>";
		};
		84874B3E1B53D14800BD25A0 /* Partners */ = {
			isa = PBXGroup;
			children = (
				84874B831B58FA1200BD25A0 /* CoreData */,
				84874B6F1B53D1DC00BD25A0 /* JSonParser */,
				84874B6E1B53D1C600BD25A0 /* ODataParser */,
				84874B411B53D14800BD25A0 /* AppDelegate.swift */,
				84874B481B53D14800BD25A0 /* Main.storyboard */,
				84C9443D1B68D31D00FF1954 /* Model */,
				84C9443E1B68D33700FF1954 /* Controller */,
				84874B4B1B53D14800BD25A0 /* Images.xcassets */,
				84874B4D1B53D14800BD25A0 /* LaunchScreen.xib */,
				84874B431B53D14800BD25A0 /* Partners.xcdatamodeld */,
				84874B3F1B53D14800BD25A0 /* Supporting Files */,
				84874B841B58FA4500BD25A0 /* Model.xcdatamodeld */,
			);
			path = Partners;
			sourceTree = "<group>";
		};
		84874B3F1B53D14800BD25A0 /* Supporting Files */ = {
			isa = PBXGroup;
			children = (
				84874B401B53D14800BD25A0 /* Info.plist */,
			);
			name = "Supporting Files";
			sourceTree = "<group>";
		};
		84874B571B53D14900BD25A0 /* PartnersTests */ = {
			isa = PBXGroup;
			children = (
				84874B5A1B53D14900BD25A0 /* PartnersTests.swift */,
				84874B581B53D14900BD25A0 /* Supporting Files */,
			);
			path = PartnersTests;
			sourceTree = "<group>";
		};
		84874B581B53D14900BD25A0 /* Supporting Files */ = {
			isa = PBXGroup;
			children = (
				84874B591B53D14900BD25A0 /* Info.plist */,
			);
			name = "Supporting Files";
			sourceTree = "<group>";
		};
		84874B6E1B53D1C600BD25A0 /* ODataParser */ = {
			isa = PBXGroup;
			children = (
				84874B681B53D1BD00BD25A0 /* SWXMLHash.swift */,
				84874B641B53D1BD00BD25A0 /* ODataCollectionManager.swift */,
				84874B651B53D1BD00BD25A0 /* oDataFilter.swift */,
				84874B661B53D1BD00BD25A0 /* ODataServiceManager.swift */,
			);
			name = ODataParser;
			sourceTree = "<group>";
		};
		84874B6F1B53D1DC00BD25A0 /* JSonParser */ = {
			isa = PBXGroup;
			children = (
				84874B671B53D1BD00BD25A0 /* OptJSON.swift */,
			);
			name = JSonParser;
			sourceTree = "<group>";
		};
		84874B831B58FA1200BD25A0 /* CoreData */ = {
			isa = PBXGroup;
			children = (
				84874B811B58FA0600BD25A0 /* CoreDataStackManager.swift */,
			);
			name = CoreData;
			sourceTree = "<group>";
		};
		84C9443D1B68D31D00FF1954 /* Model */ = {
			isa = PBXGroup;
			children = (
				84C944461B6A3C7F00FF1954 /* Product.swift */,
				84CBBCC31B60F3240044162E /* LoginInformation.swift */,
				84874B7D1B58EE9100BD25A0 /* ContactInfo.swift */,
				84874B741B54E93100BD25A0 /* Person.swift */,
				84874B721B54E81700BD25A0 /* Partner.swift */,
				84C944401B6A0E2100FF1954 /* Connection1C.swift */,
			);
			name = Model;
			sourceTree = "<group>";
		};
		84C9443E1B68D33700FF1954 /* Controller */ = {
			isa = PBXGroup;
			children = (
				84C9443F1B68D35300FF1954 /* CellViewController */,
				84874B701B53D2E000BD25A0 /* PartnersViewController.swift */,
				84C27ACB1B5FC82400DE8A5D /* SettingsViewController.swift */,
				84C944441B6A3A4400FF1954 /* ProductsViewController.swift */,
				84874B761B569DAC00BD25A0 /* PartnerDetailInfo.swift */,
			);
			name = Controller;
			sourceTree = "<group>";
		};
		84C9443F1B68D35300FF1954 /* CellViewController */ = {
			isa = PBXGroup;
			children = (
				84874B7B1B57D8BA00BD25A0 /* HeaderCell.swift */,
				84C27AC91B5D1BCB00DE8A5D /* ContactInfoCell.swift */,
				84C9443B1B68B22200FF1954 /* PartnerInfoCell.swift */,
			);
			name = CellViewController;
			sourceTree = "<group>";
		};
/* End PBXGroup section */

/* Begin PBXNativeTarget section */
		84874B3B1B53D14800BD25A0 /* Partners */ = {
			isa = PBXNativeTarget;
			buildConfigurationList = 84874B5E1B53D14900BD25A0 /* Build configuration list for PBXNativeTarget "Partners" */;
			buildPhases = (
				84874B381B53D14800BD25A0 /* Sources */,
				84874B391B53D14800BD25A0 /* Frameworks */,
				84874B3A1B53D14800BD25A0 /* Resources */,
			);
			buildRules = (
			);
			dependencies = (
			);
			name = Partners;
			productName = Partners;
			productReference = 84874B3C1B53D14800BD25A0 /* Partners.app */;
			productType = "com.apple.product-type.application";
		};
		84874B531B53D14900BD25A0 /* PartnersTests */ = {
			isa = PBXNativeTarget;
			buildConfigurationList = 84874B611B53D14900BD25A0 /* Build configuration list for PBXNativeTarget "PartnersTests" */;
			buildPhases = (
				84874B501B53D14900BD25A0 /* Sources */,
				84874B511B53D14900BD25A0 /* Frameworks */,
				84874B521B53D14900BD25A0 /* Resources */,
			);
			buildRules = (
			);
			dependencies = (
				84874B561B53D14900BD25A0 /* PBXTargetDependency */,
			);
			name = PartnersTests;
			productName = PartnersTests;
			productReference = 84874B541B53D14900BD25A0 /* PartnersTests.xctest */;
			productType = "com.apple.product-type.bundle.unit-test";
		};
/* End PBXNativeTarget section */

/* Begin PBXProject section */
		84874B341B53D14800BD25A0 /* Project object */ = {
			isa = PBXProject;
			attributes = {
				LastUpgradeCheck = 0630;
				ORGANIZATIONNAME = Admin;
				TargetAttributes = {
					84874B3B1B53D14800BD25A0 = {
						CreatedOnToolsVersion = 6.3.2;
					};
					84874B531B53D14900BD25A0 = {
						CreatedOnToolsVersion = 6.3.2;
						TestTargetID = 84874B3B1B53D14800BD25A0;
					};
				};
			};
			buildConfigurationList = 84874B371B53D14800BD25A0 /* Build configuration list for PBXProject "Partners" */;
			compatibilityVersion = "Xcode 3.2";
			developmentRegion = English;
			hasScannedForEncodings = 0;
			knownRegions = (
				en,
				Base,
			);
			mainGroup = 84874B331B53D14800BD25A0;
			productRefGroup = 84874B3D1B53D14800BD25A0 /* Products */;
			projectDirPath = "";
			projectRoot = "";
			targets = (
				84874B3B1B53D14800BD25A0 /* Partners */,
				84874B531B53D14900BD25A0 /* PartnersTests */,
			);
		};
/* End PBXProject section */

/* Begin PBXResourcesBuildPhase section */
		84874B3A1B53D14800BD25A0 /* Resources */ = {
			isa = PBXResourcesBuildPhase;
			buildActionMask = 2147483647;
			files = (
				84874B4A1B53D14800BD25A0 /* Main.storyboard in Resources */,
				84874B4F1B53D14800BD25A0 /* LaunchScreen.xib in Resources */,
				84874B4C1B53D14800BD25A0 /* Images.xcassets in Resources */,
			);
			runOnlyForDeploymentPostprocessing = 0;
		};
		84874B521B53D14900BD25A0 /* Resources */ = {
			isa = PBXResourcesBuildPhase;
			buildActionMask = 2147483647;
			files = (
			);
			runOnlyForDeploymentPostprocessing = 0;
		};
/* End PBXResourcesBuildPhase section */

/* Begin PBXSourcesBuildPhase section */
		84874B381B53D14800BD25A0 /* Sources */ = {
			isa = PBXSourcesBuildPhase;
			buildActionMask = 2147483647;
			files = (
				84874B751B54E93100BD25A0 /* Person.swift in Sources */,
				84874B7E1B58EE9100BD25A0 /* ContactInfo.swift in Sources */,
				84C944451B6A3A4400FF1954 /* ProductsViewController.swift in Sources */,
				84874B861B58FA4500BD25A0 /* Model.xcdatamodeld in Sources */,
				84874B6D1B53D1BD00BD25A0 /* SWXMLHash.swift in Sources */,
				84C944471B6A3C7F00FF1954 /* Product.swift in Sources */,
				84874B821B58FA0600BD25A0 /* CoreDataStackManager.swift in Sources */,
				84C27ACC1B5FC82400DE8A5D /* SettingsViewController.swift in Sources */,
				84874B6C1B53D1BD00BD25A0 /* OptJSON.swift in Sources */,
				84874B6A1B53D1BD00BD25A0 /* oDataFilter.swift in Sources */,
				84874B451B53D14800BD25A0 /* Partners.xcdatamodeld in Sources */,
				84C27ACA1B5D1BCB00DE8A5D /* ContactInfoCell.swift in Sources */,
				84874B6B1B53D1BD00BD25A0 /* ODataServiceManager.swift in Sources */,
				84874B771B569DAC00BD25A0 /* PartnerDetailInfo.swift in Sources */,
				84C944411B6A0E2100FF1954 /* Connection1C.swift in Sources */,
				84874B711B53D2E000BD25A0 /* PartnersViewController.swift in Sources */,
				84C9443C1B68B22300FF1954 /* PartnerInfoCell.swift in Sources */,
				84874B421B53D14800BD25A0 /* AppDelegate.swift in Sources */,
				84CBBCC41B60F3240044162E /* LoginInformation.swift in Sources */,
				84874B7C1B57D8BA00BD25A0 /* HeaderCell.swift in Sources */,
				84874B691B53D1BD00BD25A0 /* ODataCollectionManager.swift in Sources */,
				84874B731B54E81700BD25A0 /* Partner.swift in Sources */,
			);
			runOnlyForDeploymentPostprocessing = 0;
		};
		84874B501B53D14900BD25A0 /* Sources */ = {
			isa = PBXSourcesBuildPhase;
			buildActionMask = 2147483647;
			files = (
				84874B5B1B53D14900BD25A0 /* PartnersTests.swift in Sources */,
			);
			runOnlyForDeploymentPostprocessing = 0;
		};
/* End PBXSourcesBuildPhase section */

/* Begin PBXTargetDependency section */
		84874B561B53D14900BD25A0 /* PBXTargetDependency */ = {
			isa = PBXTargetDependency;
			target = 84874B3B1B53D14800BD25A0 /* Partners */;
			targetProxy = 84874B551B53D14900BD25A0 /* PBXContainerItemProxy */;
		};
/* End PBXTargetDependency section */

/* Begin PBXVariantGroup section */
		84874B481B53D14800BD25A0 /* Main.storyboard */ = {
			isa = PBXVariantGroup;
			children = (
				84874B491B53D14800BD25A0 /* Base */,
			);
			name = Main.storyboard;
			sourceTree = "<group>";
		};
		84874B4D1B53D14800BD25A0 /* LaunchScreen.xib */ = {
			isa = PBXVariantGroup;
			children = (
				84874B4E1B53D14800BD25A0 /* Base */,
			);
			name = LaunchScreen.xib;
			sourceTree = "<group>";
		};
/* End PBXVariantGroup section */

/* Begin XCBuildConfiguration section */
		84874B5C1B53D14900BD25A0 /* Debug */ = {
			isa = XCBuildConfiguration;
			buildSettings = {
				ALWAYS_SEARCH_USER_PATHS = NO;
				CLANG_CXX_LANGUAGE_STANDARD = "gnu++0x";
				CLANG_CXX_LIBRARY = "libc++";
				CLANG_ENABLE_MODULES = YES;
				CLANG_ENABLE_OBJC_ARC = YES;
				CLANG_WARN_BOOL_CONVERSION = YES;
				CLANG_WARN_CONSTANT_CONVERSION = YES;
				CLANG_WARN_DIRECT_OBJC_ISA_USAGE = YES_ERROR;
				CLANG_WARN_EMPTY_BODY = YES;
				CLANG_WARN_ENUM_CONVERSION = YES;
				CLANG_WARN_INT_CONVERSION = YES;
				CLANG_WARN_OBJC_ROOT_CLASS = YES_ERROR;
				CLANG_WARN_UNREACHABLE_CODE = YES;
				CLANG_WARN__DUPLICATE_METHOD_MATCH = YES;
				"CODE_SIGN_IDENTITY[sdk=iphoneos*]" = "iPhone Developer";
				COPY_PHASE_STRIP = NO;
				DEBUG_INFORMATION_FORMAT = "dwarf-with-dsym";
				ENABLE_STRICT_OBJC_MSGSEND = YES;
				GCC_C_LANGUAGE_STANDARD = gnu99;
				GCC_DYNAMIC_NO_PIC = NO;
				GCC_NO_COMMON_BLOCKS = YES;
				GCC_OPTIMIZATION_LEVEL = 0;
				GCC_PREPROCESSOR_DEFINITIONS = (
					"DEBUG=1",
					"$(inherited)",
				);
				GCC_SYMBOLS_PRIVATE_EXTERN = NO;
				GCC_WARN_64_TO_32_BIT_CONVERSION = YES;
				GCC_WARN_ABOUT_RETURN_TYPE = YES_ERROR;
				GCC_WARN_UNDECLARED_SELECTOR = YES;
				GCC_WARN_UNINITIALIZED_AUTOS = YES_AGGRESSIVE;
				GCC_WARN_UNUSED_FUNCTION = YES;
				GCC_WARN_UNUSED_VARIABLE = YES;
				IPHONEOS_DEPLOYMENT_TARGET = 8.3;
				MTL_ENABLE_DEBUG_INFO = YES;
				ONLY_ACTIVE_ARCH = YES;
				SDKROOT = iphoneos;
				SWIFT_OPTIMIZATION_LEVEL = "-Onone";
			};
			name = Debug;
		};
		84874B5D1B53D14900BD25A0 /* Release */ = {
			isa = XCBuildConfiguration;
			buildSettings = {
				ALWAYS_SEARCH_USER_PATHS = NO;
				CLANG_CXX_LANGUAGE_STANDARD = "gnu++0x";
				CLANG_CXX_LIBRARY = "libc++";
				CLANG_ENABLE_MODULES = YES;
				CLANG_ENABLE_OBJC_ARC = YES;
				CLANG_WARN_BOOL_CONVERSION = YES;
				CLANG_WARN_CONSTANT_CONVERSION = YES;
				CLANG_WARN_DIRECT_OBJC_ISA_USAGE = YES_ERROR;
				CLANG_WARN_EMPTY_BODY = YES;
				CLANG_WARN_ENUM_CONVERSION = YES;
				CLANG_WARN_INT_CONVERSION = YES;
				CLANG_WARN_OBJC_ROOT_CLASS = YES_ERROR;
				CLANG_WARN_UNREACHABLE_CODE = YES;
				CLANG_WARN__DUPLICATE_METHOD_MATCH = YES;
				"CODE_SIGN_IDENTITY[sdk=iphoneos*]" = "iPhone Developer";
				COPY_PHASE_STRIP = NO;
				DEBUG_INFORMATION_FORMAT = "dwarf-with-dsym";
				ENABLE_NS_ASSERTIONS = NO;
				ENABLE_STRICT_OBJC_MSGSEND = YES;
				GCC_C_LANGUAGE_STANDARD = gnu99;
				GCC_NO_COMMON_BLOCKS = YES;
				GCC_WARN_64_TO_32_BIT_CONVERSION = YES;
				GCC_WARN_ABOUT_RETURN_TYPE = YES_ERROR;
				GCC_WARN_UNDECLARED_SELECTOR = YES;
				GCC_WARN_UNINITIALIZED_AUTOS = YES_AGGRESSIVE;
				GCC_WARN_UNUSED_FUNCTION = YES;
				GCC_WARN_UNUSED_VARIABLE = YES;
				IPHONEOS_DEPLOYMENT_TARGET = 8.3;
				MTL_ENABLE_DEBUG_INFO = NO;
				SDKROOT = iphoneos;
				VALIDATE_PRODUCT = YES;
			};
			name = Release;
		};
		84874B5F1B53D14900BD25A0 /* Debug */ = {
			isa = XCBuildConfiguration;
			buildSettings = {
				ASSETCATALOG_COMPILER_APPICON_NAME = AppIcon;
				INFOPLIST_FILE = Partners/Info.plist;
				LD_RUNPATH_SEARCH_PATHS = "$(inherited) @executable_path/Frameworks";
				PRODUCT_NAME = "$(TARGET_NAME)";
			};
			name = Debug;
		};
		84874B601B53D14900BD25A0 /* Release */ = {
			isa = XCBuildConfiguration;
			buildSettings = {
				ASSETCATALOG_COMPILER_APPICON_NAME = AppIcon;
				INFOPLIST_FILE = Partners/Info.plist;
				LD_RUNPATH_SEARCH_PATHS = "$(inherited) @executable_path/Frameworks";
				PRODUCT_NAME = "$(TARGET_NAME)";
			};
			name = Release;
		};
		84874B621B53D14900BD25A0 /* Debug */ = {
			isa = XCBuildConfiguration;
			buildSettings = {
				BUNDLE_LOADER = "$(TEST_HOST)";
				FRAMEWORK_SEARCH_PATHS = (
					"$(SDKROOT)/Developer/Library/Frameworks",
					"$(inherited)",
				);
				GCC_PREPROCESSOR_DEFINITIONS = (
					"DEBUG=1",
					"$(inherited)",
				);
				INFOPLIST_FILE = PartnersTests/Info.plist;
				LD_RUNPATH_SEARCH_PATHS = "$(inherited) @executable_path/Frameworks @loader_path/Frameworks";
				PRODUCT_NAME = "$(TARGET_NAME)";
				TEST_HOST = "$(BUILT_PRODUCTS_DIR)/Partners.app/Partners";
			};
			name = Debug;
		};
		84874B631B53D14900BD25A0 /* Release */ = {
			isa = XCBuildConfiguration;
			buildSettings = {
				BUNDLE_LOADER = "$(TEST_HOST)";
				FRAMEWORK_SEARCH_PATHS = (
					"$(SDKROOT)/Developer/Library/Frameworks",
					"$(inherited)",
				);
				INFOPLIST_FILE = PartnersTests/Info.plist;
				LD_RUNPATH_SEARCH_PATHS = "$(inherited) @executable_path/Frameworks @loader_path/Frameworks";
				PRODUCT_NAME = "$(TARGET_NAME)";
				TEST_HOST = "$(BUILT_PRODUCTS_DIR)/Partners.app/Partners";
			};
			name = Release;
		};
/* End XCBuildConfiguration section */

/* Begin XCConfigurationList section */
		84874B371B53D14800BD25A0 /* Build configuration list for PBXProject "Partners" */ = {
			isa = XCConfigurationList;
			buildConfigurations = (
				84874B5C1B53D14900BD25A0 /* Debug */,
				84874B5D1B53D14900BD25A0 /* Release */,
			);
			defaultConfigurationIsVisible = 0;
			defaultConfigurationName = Release;
		};
		84874B5E1B53D14900BD25A0 /* Build configuration list for PBXNativeTarget "Partners" */ = {
			isa = XCConfigurationList;
			buildConfigurations = (
				84874B5F1B53D14900BD25A0 /* Debug */,
				84874B601B53D14900BD25A0 /* Release */,
			);
			defaultConfigurationIsVisible = 0;
			defaultConfigurationName = Release;
		};
		84874B611B53D14900BD25A0 /* Build configuration list for PBXNativeTarget "PartnersTests" */ = {
			isa = XCConfigurationList;
			buildConfigurations = (
				84874B621B53D14900BD25A0 /* Debug */,
				84874B631B53D14900BD25A0 /* Release */,
			);
			defaultConfigurationIsVisible = 0;
			defaultConfigurationName = Release;
		};
/* End XCConfigurationList section */

/* Begin XCVersionGroup section */
		84874B431B53D14800BD25A0 /* Partners.xcdatamodeld */ = {
			isa = XCVersionGroup;
			children = (
				84874B441B53D14800BD25A0 /* Partners.xcdatamodel */,
			);
			currentVersion = 84874B441B53D14800BD25A0 /* Partners.xcdatamodel */;
			path = Partners.xcdatamodeld;
			sourceTree = "<group>";
			versionGroupType = wrapper.xcdatamodel;
		};
		84874B841B58FA4500BD25A0 /* Model.xcdatamodeld */ = {
			isa = XCVersionGroup;
			children = (
				84874B851B58FA4500BD25A0 /* Model.xcdatamodel */,
			);
			currentVersion = 84874B851B58FA4500BD25A0 /* Model.xcdatamodel */;
			path = Model.xcdatamodeld;
			sourceTree = "<group>";
			versionGroupType = wrapper.xcdatamodel;
		};
/* End XCVersionGroup section */
	};
	rootObject = 84874B341B53D14800BD25A0 /* Project object */;
}
